{
  "name": "grish-english-tests",
  "version": "2.0.1",
  "lockfileVersion": 3,
  "requires": true,
  "packages": {
    "": {
      "name": "grish-english-tests",
      "version": "2.0.1",
      "devDependencies": {
        "@playwright/test": "^1.40.0"
      }
    },
    "node_modules/@playwright/test": {
      "version": "1.40.0",
      "resolved": "https://registry.npmjs.org/@playwright/test/-/test-1.40.0.tgz",
      "integrity": "sha512-PdW7kvJG7FvmH20kIFUdvmfXOJV0TRvCT+K5w1pFmVbBKdEt5z5JxshA3XOXA3m6zxYb5tZYnLAFzWsFGC7LJQ==",
      "dev": true,
      "dependencies": {
        "playwright": "1.40.0"
      },
      "bin": {
        "playwright": "cli.js"
      },
      "engines": {
        "node": ">=16"
      }
    },
    "node_modules/playwright": {
      "version": "1.40.0",
      "resolved": "https://registry.npmjs.org/playwright/-/playwright-1.40.0.tgz",
      "integrity": "sha512-gyHAgQjiDDCp8w5DCNZ55PDpvbsFgbkUmTiw4HJGkCTH5JCWWq38KAXH0yVPrp7+xKnC7nSXg8UvvNe7TrKFsw==",
      "dev": true,
      "dependencies": {
        "playwright-core": "1.40.0"
      },
      "bin": {
        "playwright": "cli.js"
      },
      "engines": {
        "node": ">=16"
      }
    },
    "node_modules/playwright-core": {
      "version": "1.40.0",
      "resolved": "https://registry.npmjs.org/playwright-core/-/playwright-core-1.40.0.tgz",
      "integrity": "sha512-fvKewVJpGy+X1kPEQT4lJvtcCkfWLfQLsJ7z4Zg9E0Q4TxBLbKkwb0bUoEkIVlqYKP4b9f+2G+8E0lWzJEL7gQ==",
      "dev": true,
      "bin": {
        "playwright-core": "cli.js"
      },
      "engines": {
        "node": ">=16"
      }
    }
  }
}
